
Microsoft Visual Studio Solution File, Format Version 12.00
# Visual Studio Version 17
VisualStudioVersion = 17.2.32616.157
MinimumVisualStudioVersion = 10.0.40219.1
Project("{FAE04EC0-301F-11D3-BF4B-00C04F79EFBC}") = "CPTRoverControl.Android", "CPTRoverControl\CPTRoverControl.Android\CPTRoverControl.Android.csproj", "{B0994F6B-4038-4EBB-B3FB-74B1525500B1}"
EndProject
Project("{FAE04EC0-301F-11D3-BF4B-00C04F79EFBC}") = "CPTRoverControl.iOS", "CPTRoverControl\CPTRoverControl.iOS\CPTRoverControl.iOS.csproj", "{64D2B1EB-30E4-4084-A6DC-7AC9406E7CFB}"
EndProject
Project("{FAE04EC0-301F-11D3-BF4B-00C04F79EFBC}") = "CPTRoverControl", "CPTRoverControl\CPTRoverControl\CPTRoverControl.csproj", "{C51110CF-D0D4-4049-99A4-A2FBCEC98DD5}"
EndProject
Global
	GlobalSection(SolutionConfigurationPlatforms) = preSolution
		Debug|Any CPU = Debug|Any CPU
		Debug|iPhone = Debug|iPhone
		Debug|iPhoneSimulator = Debug|iPhoneSimulator
		Release|Any CPU = Release|Any CPU
		Release|iPhone = Release|iPhone
		Release|iPhoneSimulator = Release|iPhoneSimulator
	EndGlobalSection
	GlobalSection(ProjectConfigurationPlatforms) = postSolution
		{B0994F6B-4038-4EBB-B3FB-74B1525500B1}.Debug|Any CPU.ActiveCfg = Debug|Any CPU
		{B0994F6B-4038-4EBB-B3FB-74B1525500B1}.Debug|Any CPU.Build.0 = Debug|Any CPU
		{B0994F6B-4038-4EBB-B3FB-74B1525500B1}.Debug|Any CPU.Deploy.0 = Debug|Any CPU
		{B0994F6B-4038-4EBB-B3FB-74B1525500B1}.Debug|iPhone.ActiveCfg = Debug|Any CPU
		{B0994F6B-4038-4EBB-B3FB-74B1525500B1}.Debug|iPhone.Build.0 = Debug|Any CPU
		{B0994F6B-4038-4EBB-B3FB-74B1525500B1}.Debug|iPhone.Deploy.0 = Debug|Any CPU
		{B0994F6B-4038-4EBB-B3FB-74B1525500B1}.Debug|iPhoneSimulator.ActiveCfg = Debug|Any CPU
		{B0994F6B-4038-4EBB-B3FB-74B1525500B1}.Debug|iPhoneSimulator.Build.0 = Debug|Any CPU
		{B0994F6B-4038-4EBB-B3FB-74B1525500B1}.Debug|iPhoneSimulator.Deploy.0 = Debug|Any CPU
		{B0994F6B-4038-4EBB-B3FB-74B1525500B1}.Release|Any CPU.ActiveCfg = Release|Any CPU
		{B0994F6B-4038-4EBB-B3FB-74B1525500B1}.Release|Any CPU.Build.0 = Release|Any CPU
		{B0994F6B-4038-4EBB-B3FB-74B1525500B1}.Release|Any CPU.Deploy.0 = Release|Any CPU
		{B0994F6B-4038-4EBB-B3FB-74B1525500B1}.Release|iPhone.ActiveCfg = Release|Any CPU
		{B0994F6B-4038-4EBB-B3FB-74B1525500B1}.Release|iPhone.Build.0 = Release|Any CPU
		{B0994F6B-4038-4EBB-B3FB-74B1525500B1}.Release|iPhone.Deploy.0 = Release|Any CPU
		{B0994F6B-4038-4EBB-B3FB-74B1525500B1}.Release|iPhoneSimulator.ActiveCfg = Release|Any CPU
		{B0994F6B-4038-4EBB-B3FB-74B1525500B1}.Release|iPhoneSimulator.Build.0 = Release|Any CPU
		{B0994F6B-4038-4EBB-B3FB-74B1525500B1}.Release|iPhoneSimulator.Deploy.0 = Release|Any CPU
		{64D2B1EB-30E4-4084-A6DC-7AC9406E7CFB}.Debug|Any CPU.ActiveCfg = Debug|iPhone
		{64D2B1EB-30E4-4084-A6DC-7AC9406E7CFB}.Debug|Any CPU.Build.0 = Debug|iPhone
		{64D2B1EB-30E4-4084-A6DC-7AC9406E7CFB}.Debug|Any CPU.Deploy.0 = Debug|iPhone
		{64D2B1EB-30E4-4084-A6DC-7AC9406E7CFB}.Debug|iPhone.ActiveCfg = Debug|iPhone
		{64D2B1EB-30E4-4084-A6DC-7AC9406E7CFB}.Debug|iPhone.Build.0 = Debug|iPhone
		{64D2B1EB-30E4-4084-A6DC-7AC9406E7CFB}.Debug|iPhone.Deploy.0 = Debug|iPhone
		{64D2B1EB-30E4-4084-A6DC-7AC9406E7CFB}.Debug|iPhoneSimulator.ActiveCfg = Debug|iPhoneSimulator
		{64D2B1EB-30E4-4084-A6DC-7AC9406E7CFB}.Debug|iPhoneSimulator.Build.0 = Debug|iPhoneSimulator
		{64D2B1EB-30E4-4084-A6DC-7AC9406E7CFB}.Debug|iPhoneSimulator.Deploy.0 = Debug|iPhoneSimulator
		{64D2B1EB-30E4-4084-A6DC-7AC9406E7CFB}.Release|Any CPU.ActiveCfg = Release|iPhoneSimulator
		{64D2B1EB-30E4-4084-A6DC-7AC9406E7CFB}.Release|Any CPU.Build.0 = Release|iPhoneSimulator
		{64D2B1EB-30E4-4084-A6DC-7AC9406E7CFB}.Release|Any CPU.Deploy.0 = Release|iPhoneSimulator
		{64D2B1EB-30E4-4084-A6DC-7AC9406E7CFB}.Release|iPhone.ActiveCfg = Release|iPhone
		{64D2B1EB-30E4-4084-A6DC-7AC9406E7CFB}.Release|iPhone.Build.0 = Release|iPhone
		{64D2B1EB-30E4-4084-A6DC-7AC9406E7CFB}.Release|iPhone.Deploy.0 = Release|iPhone
		{64D2B1EB-30E4-4084-A6DC-7AC9406E7CFB}.Release|iPhoneSimulator.ActiveCfg = Release|iPhoneSimulator
		{64D2B1EB-30E4-4084-A6DC-7AC9406E7CFB}.Release|iPhoneSimulator.Build.0 = Release|iPhoneSimulator
		{64D2B1EB-30E4-4084-A6DC-7AC9406E7CFB}.Release|iPhoneSimulator.Deploy.0 = Release|iPhoneSimulator
		{C51110CF-D0D4-4049-99A4-A2FBCEC98DD5}.Debug|Any CPU.ActiveCfg = Debug|Any CPU
		{C51110CF-D0D4-4049-99A4-A2FBCEC98DD5}.Debug|Any CPU.Build.0 = Debug|Any CPU
		{C51110CF-D0D4-4049-99A4-A2FBCEC98DD5}.Debug|Any CPU.Deploy.0 = Debug|Any CPU
		{C51110CF-D0D4-4049-99A4-A2FBCEC98DD5}.Debug|iPhone.ActiveCfg = Debug|Any CPU
		{C51110CF-D0D4-4049-99A4-A2FBCEC98DD5}.Debug|iPhone.Build.0 = Debug|Any CPU
		{C51110CF-D0D4-4049-99A4-A2FBCEC98DD5}.Debug|iPhone.Deploy.0 = Debug|Any CPU
		{C51110CF-D0D4-4049-99A4-A2FBCEC98DD5}.Debug|iPhoneSimulator.ActiveCfg = Debug|Any CPU
		{C51110CF-D0D4-4049-99A4-A2FBCEC98DD5}.Debug|iPhoneSimulator.Build.0 = Debug|Any CPU
		{C51110CF-D0D4-4049-99A4-A2FBCEC98DD5}.Debug|iPhoneSimulator.Deploy.0 = Debug|Any CPU
		{C51110CF-D0D4-4049-99A4-A2FBCEC98DD5}.Release|Any CPU.ActiveCfg = Release|Any CPU
		{C51110CF-D0D4-4049-99A4-A2FBCEC98DD5}.Release|Any CPU.Build.0 = Release|Any CPU
		{C51110CF-D0D4-4049-99A4-A2FBCEC98DD5}.Release|Any CPU.Deploy.0 = Release|Any CPU
		{C51110CF-D0D4-4049-99A4-A2FBCEC98DD5}.Release|iPhone.ActiveCfg = Release|Any CPU
		{C51110CF-D0D4-4049-99A4-A2FBCEC98DD5}.Release|iPhone.Build.0 = Release|Any CPU
		{C51110CF-D0D4-4049-99A4-A2FBCEC98DD5}.Release|iPhone.Deploy.0 = Release|Any CPU
		{C51110CF-D0D4-4049-99A4-A2FBCEC98DD5}.Release|iPhoneSimulator.ActiveCfg = Release|Any CPU
		{C51110CF-D0D4-4049-99A4-A2FBCEC98DD5}.Release|iPhoneSimulator.Build.0 = Release|Any CPU
		{C51110CF-D0D4-4049-99A4-A2FBCEC98DD5}.Release|iPhoneSimulator.Deploy.0 = Release|Any CPU
	EndGlobalSection
	GlobalSection(SolutionProperties) = preSolution
		HideSolutionNode = FALSE
	EndGlobalSection
	GlobalSection(ExtensibilityGlobals) = postSolution
		SolutionGuid = {8F5C77C4-9A42-4EEC-9DF3-E6E9A530BE4C}
	EndGlobalSection
EndGlobal
